
Microsoft Visual Studio Solution File, Format Version 11.00
# Visual Studio 2010
# SharpDevelop 4.2.1.8805
Project("{FD48973F-F585-4F70-812B-4D0503B36CE9}") = "Prog166eReal", "Prog166eReal.pyproj", "{09BF4713-4616-4D30-B2F0-6257D16F2883}"
EndProject
Global
	GlobalSection(SolutionConfigurationPlatforms) = preSolution
		Debug|x86 = Debug|x86
		Release|x86 = Release|x86
	EndGlobalSection
	GlobalSection(ProjectConfigurationPlatforms) = postSolution
		{09BF4713-4616-4D30-B2F0-6257D16F2883}.Debug|x86.Build.0 = Debug|x86
		{09BF4713-4616-4D30-B2F0-6257D16F2883}.Debug|x86.ActiveCfg = Debug|x86
		{09BF4713-4616-4D30-B2F0-6257D16F2883}.Release|x86.Build.0 = Release|x86
		{09BF4713-4616-4D30-B2F0-6257D16F2883}.Release|x86.ActiveCfg = Release|x86
	EndGlobalSection
EndGlobal
