
Microsoft Visual Studio Solution File, Format Version 11.00
# Visual Studio 2010
# SharpDevelop 4.2.1.8805
Project("{FD48973F-F585-4F70-812B-4D0503B36CE9}") = "Prog122b", "Prog122b.pyproj", "{B8225C8D-4305-47D2-BF16-D1915A8B0FDD}"
EndProject
Global
	GlobalSection(SolutionConfigurationPlatforms) = preSolution
		Debug|x86 = Debug|x86
		Release|x86 = Release|x86
	EndGlobalSection
	GlobalSection(ProjectConfigurationPlatforms) = postSolution
		{B8225C8D-4305-47D2-BF16-D1915A8B0FDD}.Debug|x86.Build.0 = Debug|x86
		{B8225C8D-4305-47D2-BF16-D1915A8B0FDD}.Debug|x86.ActiveCfg = Debug|x86
		{B8225C8D-4305-47D2-BF16-D1915A8B0FDD}.Release|x86.Build.0 = Release|x86
		{B8225C8D-4305-47D2-BF16-D1915A8B0FDD}.Release|x86.ActiveCfg = Release|x86
	EndGlobalSection
EndGlobal
