
Microsoft Visual Studio Solution File, Format Version 12.00
# Visual Studio 2013
VisualStudioVersion = 12.0.40629.0
MinimumVisualStudioVersion = 10.0.40219.1
Project("{FAE04EC0-301F-11D3-BF4B-00C04F79EFBC}") = "HelloName", "HelloName\HelloName.csproj", "{6FD6A882-0A9E-4A9F-B823-0A4D76A51944}"
EndProject
Project("{FAE04EC0-301F-11D3-BF4B-00C04F79EFBC}") = "FavoriteClubOrSport", "FavoriteClubOrSport\FavoriteClubOrSport.csproj", "{CF0E0938-C496-4130-B924-D22804FF261D}"
EndProject
Project("{FAE04EC0-301F-11D3-BF4B-00C04F79EFBC}") = "Prog52aConsole", "Prog52aConsole\Prog52aConsole.csproj", "{A0943E6E-95F1-4D67-9600-A8484C0D05E0}"
EndProject
Project("{FAE04EC0-301F-11D3-BF4B-00C04F79EFBC}") = "Prog54bConsole", "Prog54bConsole\Prog54bConsole.csproj", "{0E908D73-2AC2-4DE7-9FAA-300D0BE36CDB}"
EndProject
Project("{FAE04EC0-301F-11D3-BF4B-00C04F79EFBC}") = "Prog54cConsole", "Prog54cConsole\Prog54cConsole.csproj", "{B7531FF4-28D9-4593-AD6C-5EF75CECE53B}"
EndProject
Project("{FAE04EC0-301F-11D3-BF4B-00C04F79EFBC}") = "Prog54aVisual", "Prog54aVisual\Prog54aVisual.csproj", "{B4D66CFD-69E3-4D25-BE73-FE2CA1D4B8FA}"
EndProject
Project("{FAE04EC0-301F-11D3-BF4B-00C04F79EFBC}") = "Prog88aCS", "Prog88aCS\Prog88aCS.csproj", "{548B1D08-924E-4E24-9F19-7B2B5A3CE12A}"
EndProject
Project("{FAE04EC0-301F-11D3-BF4B-00C04F79EFBC}") = "Prog85c", "Prog85c\Prog85c.csproj", "{BBD7D692-CBAF-4CA3-B413-695CD66454E9}"
EndProject
Project("{FAE04EC0-301F-11D3-BF4B-00C04F79EFBC}") = "LP4-1--CS", "LP4-1--CS\LP4-1--CS.csproj", "{F1FBB2E6-D917-48CC-8E86-E8E9EDFC1416}"
EndProject
Project("{FAE04EC0-301F-11D3-BF4B-00C04F79EFBC}") = "Prog54b_Form", "Prog54b_Form\Prog54b_Form.csproj", "{3646F73E-03C9-4BF9-B0D4-5FE4F9931C4E}"
EndProject
Project("{FAE04EC0-301F-11D3-BF4B-00C04F79EFBC}") = "LP4-2", "LP4-2\LP4-2.csproj", "{8BC98F36-FA8C-4733-B771-1493AF26243B}"
EndProject
Project("{FAE04EC0-301F-11D3-BF4B-00C04F79EFBC}") = "LP4-5", "LP4-5\LP4-5.csproj", "{EE18C9FF-C797-4415-AEEE-3C85167C3130}"
EndProject
Project("{FAE04EC0-301F-11D3-BF4B-00C04F79EFBC}") = "p266LargeSmall", "p266LargeSmall\p266LargeSmall.csproj", "{E729A099-24B5-4D14-A1D9-3F11A0165C31}"
EndProject
Project("{FAE04EC0-301F-11D3-BF4B-00C04F79EFBC}") = "AboutMeFormCSharp", "AboutMeFormCSharp\AboutMeFormCSharp.csproj", "{64D611C6-4441-4BF1-9A6A-65F8A959CBB6}"
EndProject
Project("{FAE04EC0-301F-11D3-BF4B-00C04F79EFBC}") = "pg273BookClubPoints", "pg273BookClubPoints\pg273BookClubPoints.csproj", "{44D80102-7804-4F63-8569-B94F6BF5BECB}"
EndProject
Project("{FAE04EC0-301F-11D3-BF4B-00C04F79EFBC}") = "Prog122a", "Prog122a\Prog122a.csproj", "{F715ED2D-7D9C-43A2-AD98-20AB5AF4B923}"
EndProject
Project("{FAE04EC0-301F-11D3-BF4B-00C04F79EFBC}") = "Prog310a", "Prog310a\Prog310a.csproj", "{2DA7A9AD-D2B9-4258-85CC-B3A595834E23}"
EndProject
Project("{FAE04EC0-301F-11D3-BF4B-00C04F79EFBC}") = "pg347Sum", "pg347Sum\pg347Sum.csproj", "{5C207375-9190-4928-94E9-1C1FF707C217}"
EndProject
Project("{FAE04EC0-301F-11D3-BF4B-00C04F79EFBC}") = "Prog122d", "Prog122d\Prog122d.csproj", "{E1138E9B-E48E-4695-AF78-247B0B68A3D8}"
EndProject
Project("{FAE04EC0-301F-11D3-BF4B-00C04F79EFBC}") = "MassAndWeight273", "MassAndWeight273\MassAndWeight273.csproj", "{4460B05A-C704-4EF7-95A5-EDE3DE44164A}"
EndProject
Project("{FAE04EC0-301F-11D3-BF4B-00C04F79EFBC}") = "prog122b", "prog122b\prog122b.csproj", "{4E32D231-F072-4368-9A55-EB1CF3A91F3F}"
EndProject
Project("{FAE04EC0-301F-11D3-BF4B-00C04F79EFBC}") = "prog366b", "prog366b\prog366b.csproj", "{359FFD5B-78C2-4EFF-BC00-E37796965772}"
EndProject
Project("{FAE04EC0-301F-11D3-BF4B-00C04F79EFBC}") = "Pg435TicketSales", "Pg435TicketSales\Pg435TicketSales.csproj", "{6F2391E2-BD1F-48F8-A6D5-73EEF0368738}"
EndProject
Project("{FAE04EC0-301F-11D3-BF4B-00C04F79EFBC}") = "CatchMe535REAL", "CatchMe535REAL\CatchMe535REAL.csproj", "{18949782-61C1-4C0E-AF3D-B7CE266D9032}"
EndProject
Project("{FAE04EC0-301F-11D3-BF4B-00C04F79EFBC}") = "Pg498PayRoll", "Pg498PayRoll\Pg498PayRoll.csproj", "{54FD4B92-1E8F-4E0B-81BA-8C0EF59B38E8}"
EndProject
Project("{FAE04EC0-301F-11D3-BF4B-00C04F79EFBC}") = "Stringinterview7", "Stringinterview7\Stringinterview7.csproj", "{7F0ABFF3-1065-4824-8B17-6F9AAEAC0121}"
EndProject
Project("{FAE04EC0-301F-11D3-BF4B-00C04F79EFBC}") = "Stringinterview16", "Stringinterview16\Stringinterview16.csproj", "{6DB07BF2-476A-4EB8-8D9E-506EEE1A53B0}"
EndProject
Global
	GlobalSection(SolutionConfigurationPlatforms) = preSolution
		Debug|Any CPU = Debug|Any CPU
		Release|Any CPU = Release|Any CPU
	EndGlobalSection
	GlobalSection(ProjectConfigurationPlatforms) = postSolution
		{6FD6A882-0A9E-4A9F-B823-0A4D76A51944}.Debug|Any CPU.ActiveCfg = Debug|Any CPU
		{6FD6A882-0A9E-4A9F-B823-0A4D76A51944}.Debug|Any CPU.Build.0 = Debug|Any CPU
		{6FD6A882-0A9E-4A9F-B823-0A4D76A51944}.Release|Any CPU.ActiveCfg = Release|Any CPU
		{6FD6A882-0A9E-4A9F-B823-0A4D76A51944}.Release|Any CPU.Build.0 = Release|Any CPU
		{CF0E0938-C496-4130-B924-D22804FF261D}.Debug|Any CPU.ActiveCfg = Debug|Any CPU
		{CF0E0938-C496-4130-B924-D22804FF261D}.Debug|Any CPU.Build.0 = Debug|Any CPU
		{CF0E0938-C496-4130-B924-D22804FF261D}.Release|Any CPU.ActiveCfg = Release|Any CPU
		{CF0E0938-C496-4130-B924-D22804FF261D}.Release|Any CPU.Build.0 = Release|Any CPU
		{A0943E6E-95F1-4D67-9600-A8484C0D05E0}.Debug|Any CPU.ActiveCfg = Debug|Any CPU
		{A0943E6E-95F1-4D67-9600-A8484C0D05E0}.Debug|Any CPU.Build.0 = Debug|Any CPU
		{A0943E6E-95F1-4D67-9600-A8484C0D05E0}.Release|Any CPU.ActiveCfg = Release|Any CPU
		{A0943E6E-95F1-4D67-9600-A8484C0D05E0}.Release|Any CPU.Build.0 = Release|Any CPU
		{0E908D73-2AC2-4DE7-9FAA-300D0BE36CDB}.Debug|Any CPU.ActiveCfg = Debug|Any CPU
		{0E908D73-2AC2-4DE7-9FAA-300D0BE36CDB}.Debug|Any CPU.Build.0 = Debug|Any CPU
		{0E908D73-2AC2-4DE7-9FAA-300D0BE36CDB}.Release|Any CPU.ActiveCfg = Release|Any CPU
		{0E908D73-2AC2-4DE7-9FAA-300D0BE36CDB}.Release|Any CPU.Build.0 = Release|Any CPU
		{B7531FF4-28D9-4593-AD6C-5EF75CECE53B}.Debug|Any CPU.ActiveCfg = Debug|Any CPU
		{B7531FF4-28D9-4593-AD6C-5EF75CECE53B}.Debug|Any CPU.Build.0 = Debug|Any CPU
		{B7531FF4-28D9-4593-AD6C-5EF75CECE53B}.Release|Any CPU.ActiveCfg = Release|Any CPU
		{B7531FF4-28D9-4593-AD6C-5EF75CECE53B}.Release|Any CPU.Build.0 = Release|Any CPU
		{B4D66CFD-69E3-4D25-BE73-FE2CA1D4B8FA}.Debug|Any CPU.ActiveCfg = Debug|Any CPU
		{B4D66CFD-69E3-4D25-BE73-FE2CA1D4B8FA}.Debug|Any CPU.Build.0 = Debug|Any CPU
		{B4D66CFD-69E3-4D25-BE73-FE2CA1D4B8FA}.Release|Any CPU.ActiveCfg = Release|Any CPU
		{B4D66CFD-69E3-4D25-BE73-FE2CA1D4B8FA}.Release|Any CPU.Build.0 = Release|Any CPU
		{548B1D08-924E-4E24-9F19-7B2B5A3CE12A}.Debug|Any CPU.ActiveCfg = Debug|Any CPU
		{548B1D08-924E-4E24-9F19-7B2B5A3CE12A}.Debug|Any CPU.Build.0 = Debug|Any CPU
		{548B1D08-924E-4E24-9F19-7B2B5A3CE12A}.Release|Any CPU.ActiveCfg = Release|Any CPU
		{548B1D08-924E-4E24-9F19-7B2B5A3CE12A}.Release|Any CPU.Build.0 = Release|Any CPU
		{BBD7D692-CBAF-4CA3-B413-695CD66454E9}.Debug|Any CPU.ActiveCfg = Debug|Any CPU
		{BBD7D692-CBAF-4CA3-B413-695CD66454E9}.Debug|Any CPU.Build.0 = Debug|Any CPU
		{BBD7D692-CBAF-4CA3-B413-695CD66454E9}.Release|Any CPU.ActiveCfg = Release|Any CPU
		{BBD7D692-CBAF-4CA3-B413-695CD66454E9}.Release|Any CPU.Build.0 = Release|Any CPU
		{F1FBB2E6-D917-48CC-8E86-E8E9EDFC1416}.Debug|Any CPU.ActiveCfg = Debug|Any CPU
		{F1FBB2E6-D917-48CC-8E86-E8E9EDFC1416}.Debug|Any CPU.Build.0 = Debug|Any CPU
		{F1FBB2E6-D917-48CC-8E86-E8E9EDFC1416}.Release|Any CPU.ActiveCfg = Release|Any CPU
		{F1FBB2E6-D917-48CC-8E86-E8E9EDFC1416}.Release|Any CPU.Build.0 = Release|Any CPU
		{3646F73E-03C9-4BF9-B0D4-5FE4F9931C4E}.Debug|Any CPU.ActiveCfg = Debug|Any CPU
		{3646F73E-03C9-4BF9-B0D4-5FE4F9931C4E}.Debug|Any CPU.Build.0 = Debug|Any CPU
		{3646F73E-03C9-4BF9-B0D4-5FE4F9931C4E}.Release|Any CPU.ActiveCfg = Release|Any CPU
		{3646F73E-03C9-4BF9-B0D4-5FE4F9931C4E}.Release|Any CPU.Build.0 = Release|Any CPU
		{8BC98F36-FA8C-4733-B771-1493AF26243B}.Debug|Any CPU.ActiveCfg = Debug|Any CPU
		{8BC98F36-FA8C-4733-B771-1493AF26243B}.Debug|Any CPU.Build.0 = Debug|Any CPU
		{8BC98F36-FA8C-4733-B771-1493AF26243B}.Release|Any CPU.ActiveCfg = Release|Any CPU
		{8BC98F36-FA8C-4733-B771-1493AF26243B}.Release|Any CPU.Build.0 = Release|Any CPU
		{EE18C9FF-C797-4415-AEEE-3C85167C3130}.Debug|Any CPU.ActiveCfg = Debug|Any CPU
		{EE18C9FF-C797-4415-AEEE-3C85167C3130}.Debug|Any CPU.Build.0 = Debug|Any CPU
		{EE18C9FF-C797-4415-AEEE-3C85167C3130}.Release|Any CPU.ActiveCfg = Release|Any CPU
		{EE18C9FF-C797-4415-AEEE-3C85167C3130}.Release|Any CPU.Build.0 = Release|Any CPU
		{E729A099-24B5-4D14-A1D9-3F11A0165C31}.Debug|Any CPU.ActiveCfg = Debug|Any CPU
		{E729A099-24B5-4D14-A1D9-3F11A0165C31}.Debug|Any CPU.Build.0 = Debug|Any CPU
		{E729A099-24B5-4D14-A1D9-3F11A0165C31}.Release|Any CPU.ActiveCfg = Release|Any CPU
		{E729A099-24B5-4D14-A1D9-3F11A0165C31}.Release|Any CPU.Build.0 = Release|Any CPU
		{64D611C6-4441-4BF1-9A6A-65F8A959CBB6}.Debug|Any CPU.ActiveCfg = Debug|Any CPU
		{64D611C6-4441-4BF1-9A6A-65F8A959CBB6}.Debug|Any CPU.Build.0 = Debug|Any CPU
		{64D611C6-4441-4BF1-9A6A-65F8A959CBB6}.Release|Any CPU.ActiveCfg = Release|Any CPU
		{64D611C6-4441-4BF1-9A6A-65F8A959CBB6}.Release|Any CPU.Build.0 = Release|Any CPU
		{44D80102-7804-4F63-8569-B94F6BF5BECB}.Debug|Any CPU.ActiveCfg = Debug|Any CPU
		{44D80102-7804-4F63-8569-B94F6BF5BECB}.Debug|Any CPU.Build.0 = Debug|Any CPU
		{44D80102-7804-4F63-8569-B94F6BF5BECB}.Release|Any CPU.ActiveCfg = Release|Any CPU
		{44D80102-7804-4F63-8569-B94F6BF5BECB}.Release|Any CPU.Build.0 = Release|Any CPU
		{F715ED2D-7D9C-43A2-AD98-20AB5AF4B923}.Debug|Any CPU.ActiveCfg = Debug|Any CPU
		{F715ED2D-7D9C-43A2-AD98-20AB5AF4B923}.Debug|Any CPU.Build.0 = Debug|Any CPU
		{F715ED2D-7D9C-43A2-AD98-20AB5AF4B923}.Release|Any CPU.ActiveCfg = Release|Any CPU
		{F715ED2D-7D9C-43A2-AD98-20AB5AF4B923}.Release|Any CPU.Build.0 = Release|Any CPU
		{2DA7A9AD-D2B9-4258-85CC-B3A595834E23}.Debug|Any CPU.ActiveCfg = Debug|Any CPU
		{2DA7A9AD-D2B9-4258-85CC-B3A595834E23}.Debug|Any CPU.Build.0 = Debug|Any CPU
		{2DA7A9AD-D2B9-4258-85CC-B3A595834E23}.Release|Any CPU.ActiveCfg = Release|Any CPU
		{2DA7A9AD-D2B9-4258-85CC-B3A595834E23}.Release|Any CPU.Build.0 = Release|Any CPU
		{5C207375-9190-4928-94E9-1C1FF707C217}.Debug|Any CPU.ActiveCfg = Debug|Any CPU
		{5C207375-9190-4928-94E9-1C1FF707C217}.Debug|Any CPU.Build.0 = Debug|Any CPU
		{5C207375-9190-4928-94E9-1C1FF707C217}.Release|Any CPU.ActiveCfg = Release|Any CPU
		{5C207375-9190-4928-94E9-1C1FF707C217}.Release|Any CPU.Build.0 = Release|Any CPU
		{E1138E9B-E48E-4695-AF78-247B0B68A3D8}.Debug|Any CPU.ActiveCfg = Debug|Any CPU
		{E1138E9B-E48E-4695-AF78-247B0B68A3D8}.Debug|Any CPU.Build.0 = Debug|Any CPU
		{E1138E9B-E48E-4695-AF78-247B0B68A3D8}.Release|Any CPU.ActiveCfg = Release|Any CPU
		{E1138E9B-E48E-4695-AF78-247B0B68A3D8}.Release|Any CPU.Build.0 = Release|Any CPU
		{4460B05A-C704-4EF7-95A5-EDE3DE44164A}.Debug|Any CPU.ActiveCfg = Debug|Any CPU
		{4460B05A-C704-4EF7-95A5-EDE3DE44164A}.Debug|Any CPU.Build.0 = Debug|Any CPU
		{4460B05A-C704-4EF7-95A5-EDE3DE44164A}.Release|Any CPU.ActiveCfg = Release|Any CPU
		{4460B05A-C704-4EF7-95A5-EDE3DE44164A}.Release|Any CPU.Build.0 = Release|Any CPU
		{4E32D231-F072-4368-9A55-EB1CF3A91F3F}.Debug|Any CPU.ActiveCfg = Debug|Any CPU
		{4E32D231-F072-4368-9A55-EB1CF3A91F3F}.Debug|Any CPU.Build.0 = Debug|Any CPU
		{4E32D231-F072-4368-9A55-EB1CF3A91F3F}.Release|Any CPU.ActiveCfg = Release|Any CPU
		{4E32D231-F072-4368-9A55-EB1CF3A91F3F}.Release|Any CPU.Build.0 = Release|Any CPU
		{359FFD5B-78C2-4EFF-BC00-E37796965772}.Debug|Any CPU.ActiveCfg = Debug|Any CPU
		{359FFD5B-78C2-4EFF-BC00-E37796965772}.Debug|Any CPU.Build.0 = Debug|Any CPU
		{359FFD5B-78C2-4EFF-BC00-E37796965772}.Release|Any CPU.ActiveCfg = Release|Any CPU
		{359FFD5B-78C2-4EFF-BC00-E37796965772}.Release|Any CPU.Build.0 = Release|Any CPU
		{6F2391E2-BD1F-48F8-A6D5-73EEF0368738}.Debug|Any CPU.ActiveCfg = Debug|Any CPU
		{6F2391E2-BD1F-48F8-A6D5-73EEF0368738}.Debug|Any CPU.Build.0 = Debug|Any CPU
		{6F2391E2-BD1F-48F8-A6D5-73EEF0368738}.Release|Any CPU.ActiveCfg = Release|Any CPU
		{6F2391E2-BD1F-48F8-A6D5-73EEF0368738}.Release|Any CPU.Build.0 = Release|Any CPU
		{18949782-61C1-4C0E-AF3D-B7CE266D9032}.Debug|Any CPU.ActiveCfg = Debug|Any CPU
		{18949782-61C1-4C0E-AF3D-B7CE266D9032}.Debug|Any CPU.Build.0 = Debug|Any CPU
		{18949782-61C1-4C0E-AF3D-B7CE266D9032}.Release|Any CPU.ActiveCfg = Release|Any CPU
		{18949782-61C1-4C0E-AF3D-B7CE266D9032}.Release|Any CPU.Build.0 = Release|Any CPU
		{54FD4B92-1E8F-4E0B-81BA-8C0EF59B38E8}.Debug|Any CPU.ActiveCfg = Debug|Any CPU
		{54FD4B92-1E8F-4E0B-81BA-8C0EF59B38E8}.Debug|Any CPU.Build.0 = Debug|Any CPU
		{54FD4B92-1E8F-4E0B-81BA-8C0EF59B38E8}.Release|Any CPU.ActiveCfg = Release|Any CPU
		{54FD4B92-1E8F-4E0B-81BA-8C0EF59B38E8}.Release|Any CPU.Build.0 = Release|Any CPU
		{7F0ABFF3-1065-4824-8B17-6F9AAEAC0121}.Debug|Any CPU.ActiveCfg = Debug|Any CPU
		{7F0ABFF3-1065-4824-8B17-6F9AAEAC0121}.Debug|Any CPU.Build.0 = Debug|Any CPU
		{7F0ABFF3-1065-4824-8B17-6F9AAEAC0121}.Release|Any CPU.ActiveCfg = Release|Any CPU
		{7F0ABFF3-1065-4824-8B17-6F9AAEAC0121}.Release|Any CPU.Build.0 = Release|Any CPU
		{6DB07BF2-476A-4EB8-8D9E-506EEE1A53B0}.Debug|Any CPU.ActiveCfg = Debug|Any CPU
		{6DB07BF2-476A-4EB8-8D9E-506EEE1A53B0}.Debug|Any CPU.Build.0 = Debug|Any CPU
		{6DB07BF2-476A-4EB8-8D9E-506EEE1A53B0}.Release|Any CPU.ActiveCfg = Release|Any CPU
		{6DB07BF2-476A-4EB8-8D9E-506EEE1A53B0}.Release|Any CPU.Build.0 = Release|Any CPU
	EndGlobalSection
	GlobalSection(SolutionProperties) = preSolution
		HideSolutionNode = FALSE
	EndGlobalSection
EndGlobal
