
Microsoft Visual Studio Solution File, Format Version 12.00
# Visual Studio 2013
VisualStudioVersion = 12.0.40629.0
MinimumVisualStudioVersion = 10.0.40219.1
Project("{FAE04EC0-301F-11D3-BF4B-00C04F79EFBC}") = "HelloName", "HelloName\HelloName.csproj", "{6FD6A882-0A9E-4A9F-B823-0A4D76A51944}"
EndProject
Project("{FAE04EC0-301F-11D3-BF4B-00C04F79EFBC}") = "FavoriteClubOrSport", "FavoriteClubOrSport\FavoriteClubOrSport.csproj", "{CF0E0938-C496-4130-B924-D22804FF261D}"
EndProject
Project("{FAE04EC0-301F-11D3-BF4B-00C04F79EFBC}") = "Prog52aConsole", "Prog52aConsole\Prog52aConsole.csproj", "{A0943E6E-95F1-4D67-9600-A8484C0D05E0}"
EndProject
Project("{FAE04EC0-301F-11D3-BF4B-00C04F79EFBC}") = "Prog54bConsole", "Prog54bConsole\Prog54bConsole.csproj", "{0E908D73-2AC2-4DE7-9FAA-300D0BE36CDB}"
EndProject
Project("{FAE04EC0-301F-11D3-BF4B-00C04F79EFBC}") = "Prog54cConsole", "Prog54cConsole\Prog54cConsole.csproj", "{B7531FF4-28D9-4593-AD6C-5EF75CECE53B}"
EndProject
Project("{FAE04EC0-301F-11D3-BF4B-00C04F79EFBC}") = "Prog54aVisual", "Prog54aVisual\Prog54aVisual.csproj", "{B4D66CFD-69E3-4D25-BE73-FE2CA1D4B8FA}"
EndProject
Project("{FAE04EC0-301F-11D3-BF4B-00C04F79EFBC}") = "Prog88aCS", "Prog88aCS\Prog88aCS.csproj", "{548B1D08-924E-4E24-9F19-7B2B5A3CE12A}"
EndProject
Project("{FAE04EC0-301F-11D3-BF4B-00C04F79EFBC}") = "Prog85c", "Prog85c\Prog85c.csproj", "{BBD7D692-CBAF-4CA3-B413-695CD66454E9}"
EndProject
Project("{FAE04EC0-301F-11D3-BF4B-00C04F79EFBC}") = "LP4-1--CS", "LP4-1--CS\LP4-1--CS.csproj", "{F1FBB2E6-D917-48CC-8E86-E8E9EDFC1416}"
EndProject
Project("{FAE04EC0-301F-11D3-BF4B-00C04F79EFBC}") = "Prog54b_Form", "Prog54b_Form\Prog54b_Form.csproj", "{3646F73E-03C9-4BF9-B0D4-5FE4F9931C4E}"
EndProject
Global
	GlobalSection(SolutionConfigurationPlatforms) = preSolution
		Debug|Any CPU = Debug|Any CPU
		Release|Any CPU = Release|Any CPU
	EndGlobalSection
	GlobalSection(ProjectConfigurationPlatforms) = postSolution
		{6FD6A882-0A9E-4A9F-B823-0A4D76A51944}.Debug|Any CPU.ActiveCfg = Debug|Any CPU
		{6FD6A882-0A9E-4A9F-B823-0A4D76A51944}.Debug|Any CPU.Build.0 = Debug|Any CPU
		{6FD6A882-0A9E-4A9F-B823-0A4D76A51944}.Release|Any CPU.ActiveCfg = Release|Any CPU
		{6FD6A882-0A9E-4A9F-B823-0A4D76A51944}.Release|Any CPU.Build.0 = Release|Any CPU
		{CF0E0938-C496-4130-B924-D22804FF261D}.Debug|Any CPU.ActiveCfg = Debug|Any CPU
		{CF0E0938-C496-4130-B924-D22804FF261D}.Debug|Any CPU.Build.0 = Debug|Any CPU
		{CF0E0938-C496-4130-B924-D22804FF261D}.Release|Any CPU.ActiveCfg = Release|Any CPU
		{CF0E0938-C496-4130-B924-D22804FF261D}.Release|Any CPU.Build.0 = Release|Any CPU
		{A0943E6E-95F1-4D67-9600-A8484C0D05E0}.Debug|Any CPU.ActiveCfg = Debug|Any CPU
		{A0943E6E-95F1-4D67-9600-A8484C0D05E0}.Debug|Any CPU.Build.0 = Debug|Any CPU
		{A0943E6E-95F1-4D67-9600-A8484C0D05E0}.Release|Any CPU.ActiveCfg = Release|Any CPU
		{A0943E6E-95F1-4D67-9600-A8484C0D05E0}.Release|Any CPU.Build.0 = Release|Any CPU
		{0E908D73-2AC2-4DE7-9FAA-300D0BE36CDB}.Debug|Any CPU.ActiveCfg = Debug|Any CPU
		{0E908D73-2AC2-4DE7-9FAA-300D0BE36CDB}.Debug|Any CPU.Build.0 = Debug|Any CPU
		{0E908D73-2AC2-4DE7-9FAA-300D0BE36CDB}.Release|Any CPU.ActiveCfg = Release|Any CPU
		{0E908D73-2AC2-4DE7-9FAA-300D0BE36CDB}.Release|Any CPU.Build.0 = Release|Any CPU
		{B7531FF4-28D9-4593-AD6C-5EF75CECE53B}.Debug|Any CPU.ActiveCfg = Debug|Any CPU
		{B7531FF4-28D9-4593-AD6C-5EF75CECE53B}.Debug|Any CPU.Build.0 = Debug|Any CPU
		{B7531FF4-28D9-4593-AD6C-5EF75CECE53B}.Release|Any CPU.ActiveCfg = Release|Any CPU
		{B7531FF4-28D9-4593-AD6C-5EF75CECE53B}.Release|Any CPU.Build.0 = Release|Any CPU
		{B4D66CFD-69E3-4D25-BE73-FE2CA1D4B8FA}.Debug|Any CPU.ActiveCfg = Debug|Any CPU
		{B4D66CFD-69E3-4D25-BE73-FE2CA1D4B8FA}.Debug|Any CPU.Build.0 = Debug|Any CPU
		{B4D66CFD-69E3-4D25-BE73-FE2CA1D4B8FA}.Release|Any CPU.ActiveCfg = Release|Any CPU
		{B4D66CFD-69E3-4D25-BE73-FE2CA1D4B8FA}.Release|Any CPU.Build.0 = Release|Any CPU
		{548B1D08-924E-4E24-9F19-7B2B5A3CE12A}.Debug|Any CPU.ActiveCfg = Debug|Any CPU
		{548B1D08-924E-4E24-9F19-7B2B5A3CE12A}.Debug|Any CPU.Build.0 = Debug|Any CPU
		{548B1D08-924E-4E24-9F19-7B2B5A3CE12A}.Release|Any CPU.ActiveCfg = Release|Any CPU
		{548B1D08-924E-4E24-9F19-7B2B5A3CE12A}.Release|Any CPU.Build.0 = Release|Any CPU
		{BBD7D692-CBAF-4CA3-B413-695CD66454E9}.Debug|Any CPU.ActiveCfg = Debug|Any CPU
		{BBD7D692-CBAF-4CA3-B413-695CD66454E9}.Debug|Any CPU.Build.0 = Debug|Any CPU
		{BBD7D692-CBAF-4CA3-B413-695CD66454E9}.Release|Any CPU.ActiveCfg = Release|Any CPU
		{BBD7D692-CBAF-4CA3-B413-695CD66454E9}.Release|Any CPU.Build.0 = Release|Any CPU
		{F1FBB2E6-D917-48CC-8E86-E8E9EDFC1416}.Debug|Any CPU.ActiveCfg = Debug|Any CPU
		{F1FBB2E6-D917-48CC-8E86-E8E9EDFC1416}.Debug|Any CPU.Build.0 = Debug|Any CPU
		{F1FBB2E6-D917-48CC-8E86-E8E9EDFC1416}.Release|Any CPU.ActiveCfg = Release|Any CPU
		{F1FBB2E6-D917-48CC-8E86-E8E9EDFC1416}.Release|Any CPU.Build.0 = Release|Any CPU
		{3646F73E-03C9-4BF9-B0D4-5FE4F9931C4E}.Debug|Any CPU.ActiveCfg = Debug|Any CPU
		{3646F73E-03C9-4BF9-B0D4-5FE4F9931C4E}.Debug|Any CPU.Build.0 = Debug|Any CPU
		{3646F73E-03C9-4BF9-B0D4-5FE4F9931C4E}.Release|Any CPU.ActiveCfg = Release|Any CPU
		{3646F73E-03C9-4BF9-B0D4-5FE4F9931C4E}.Release|Any CPU.Build.0 = Release|Any CPU
	EndGlobalSection
	GlobalSection(SolutionProperties) = preSolution
		HideSolutionNode = FALSE
	EndGlobalSection
EndGlobal
